%{
  "certifi": {:hex, :certifi, "2.6.1", "dbab8e5e155a0763eea978c913ca280a6b544bfa115633fa20249c3d396d9493", [:rebar3], [], "hexpm"},
  "cowboy": {:hex, :cowboy, "2.9.0", "865dd8b6607e14cf03282e10e934023a1bd8be6f6bacf921a7e2a96d800cd452", [:make, :rebar3], [{:cowlib, "2.11.0", [hex: :cowlib, repo: "hexpm", optional: false]}, {:ranch, "1.8.0", [hex: :ranch, repo: "hexpm", optional: false]}], "hexpm"},
  "cowlib": {:hex, :cowlib, "2.9.1", "61a6c7c50cf07fdd24b2f45b89500bb93b6686579b069a89f88cb211e1125c78", [:rebar3], [], "hexpm"},
  "eleveldb": {:hex, :eleveldb, "2.2.20", "1fff63a5055bbf4bf821f797ef76065882b193f5e8095f95fcd9287187773b58", [:rebar3], [], "hexpm"},
  "ex_abci": {:hex, :ex_abci, "0.4.4", "49e3ecc608978244633d4fb4fc435635ae04c4854366965a835f91c3e160be3d", [:mix], [{:google_protos, "~> 0.1", [hex: :google_protos, repo: "hexpm", optional: false]}, {:protobuf, "~> 0.5.3", [hex: :protobuf, repo: "hexpm", optional: false]}, {:ranch, "~> 1.6", [hex: :ranch, repo: "hexpm", optional: false]}], "hexpm"},
  "ex_rlp": {:hex, :ex_rlp, "0.5.3", "9055bddade545ee3e734aaad62c4b4d08211834da3beb43ae269b75785909e5e", [:mix], [], "hexpm"},
  "exleveldb": {:hex, :exleveldb, "0.14.0", "8e9353bbce38482d6971d254c6b98ceb50f3f179c94732b5d17db1be426fca18", [:mix], [{:eleveldb, "~> 2.2.20", [hex: :eleveldb, repo: "hexpm", optional: false]}], "hexpm"},
  "forge": {:hex, :forge, "0.4.0", "677aa6c35c0346c085ad0207d68ac312d8b92e63b5f30c1d635f6ab533f242bb", [:mix], [{:ex_abci, "~> 0.4.0", [hex: :ex_abci, repo: "hexpm", optional: false]}, {:httpoison, "~> 1.0", [hex: :httpoison, repo: "hexpm", optional: false]}, {:keccakf1600, "~> 2.0", [hex: :keccakf1600_orig, repo: "hexpm", optional: false]}, {:libsecp256k1, "~> 0.1.3", [hex: :libsecp256k1, repo: "hexpm", optional: false]}, {:merkle_patricia_tree, "~> 0.2.7", [hex: :merkle_patricia_tree, repo: "hexpm", optional: false]}, {:protobuf, "~> 0.5.3", [hex: :protobuf, repo: "hexpm", optional: false]}], "hexpm"},
  "google_protos": {:hex, :google_protos, "0.1.0", "c6b9e12092d17571b093d4156d004494ca143b65dbbcbfc3ffff463ea03467c0", [:mix], [{:protobuf, "~> 0.5", [hex: :protobuf, repo: "hexpm", optional: false]}], "hexpm"},
  "grpc": {:git, "https://github.com/elixir-grpc/grpc.git", "eff8a8828d27ddd7f63a3c1dd5aae86246df215e", []},
  "gun": {:hex, :grpc_gun, "2.0.0", "f99678a2ab975e74372a756c86ec30a8384d3ac8a8b86c7ed6243ef4e61d2729", [:rebar3], [{:cowlib, "~> 2.8.0", [hex: :cowlib, repo: "hexpm", optional: false]}], "hexpm"},
  "hackney": {:hex, :hackney, "1.17.4", "99da4674592504d3fb0cfef0db84c3ba02b4508bae2dff8c0108baa0d6e0977c", [:rebar3], [{:certifi, "~>2.6.1", [hex: :certifi, repo: "hexpm", optional: false]}, {:idna, "~>6.1.0", [hex: :idna, repo: "hexpm", optional: false]}, {:metrics, "~>1.0.0", [hex: :metrics, repo: "hexpm", optional: false]}, {:mimerl, "~>1.1", [hex: :mimerl, repo: "hexpm", optional: false]}, {:parse_trans, "3.3.1", [hex: :parse_trans, repo: "hexpm", optional: false]}, {:ssl_verify_fun, "~>1.1.0", [hex: :ssl_verify_fun, repo: "hexpm", optional: false]}, {:unicode_util_compat, "~>0.7.0", [hex: :unicode_util_compat, repo: "hexpm", optional: false]}], "hexpm"},
  "hex_prefix": {:hex, :hex_prefix, "0.1.0", "e96b5cbb6ad8493196ce193726240023f5ce0ae0753118a19a5b43e2db0267ca", [:mix], [], "hexpm"},
  "httpoison": {:hex, :httpoison, "1.8.0", "6b85dea15820b7804ef607ff78406ab449dd78bed923a49c7160e1886e987a3d", [:mix], [{:hackney, "~> 1.17", [hex: :hackney, repo: "hexpm", optional: false]}], "hexpm"},
  "idna": {:hex, :idna, "6.1.1", "8a63070e9f7d0c62eb9d9fcb360a7de382448200fbbd1b106cc96d3d8099df8d", [:rebar3], [{:unicode_util_compat, "~>0.7.0", [hex: :unicode_util_compat, repo: "hexpm", optional: false]}], "hexpm"},
  "keccakf1600": {:hex, :keccakf1600_orig, "2.0.0", "0a7217ddb3ee8220d449bbf7575ec39d4e967099f220a91e3dfca4dbaef91963", [:rebar3], [], "hexpm"},
  "libsecp256k1": {:hex, :libsecp256k1, "0.1.10", "d27495e2b9851c7765129b76c53b60f5e275bd6ff68292c50536bf6b8d091a4d", [:make, :mix], [{:mix_erlang_tasks, "0.1.0", [hex: :mix_erlang_tasks, repo: "hexpm", optional: false]}], "hexpm"},
  "merkle_patricia_tree": {:hex, :merkle_patricia_tree, "0.2.8", "f3919dec3ad0a5e20c5c55ccefa1100c006165c4d6b1eb644ec3d6fdfeeb7ff2", [:mix], [{:ex_rlp, "~> 0.5.2", [hex: :ex_rlp, repo: "hexpm", optional: false]}, {:exleveldb, "~> 0.13", [hex: :exleveldb, repo: "hexpm", optional: false]}, {:hex_prefix, "~> 0.1.0", [hex: :hex_prefix, repo: "hexpm", optional: false]}, {:keccakf1600, "~> 2.0.0", [hex: :keccakf1600_orig, repo: "hexpm", optional: false]}], "hexpm"},
  "metrics": {:hex, :metrics, "1.0.1", "25f094dea2cda98213cecc3aeff09e940299d950904393b2a29d191c346a8486", [:rebar3], [], "hexpm"},
  "mimerl": {:hex, :mimerl, "1.2.0", "67e2d3f571088d5cfd3e550c383094b47159f3eee8ffa08e64106cdf5e981be3", [:rebar3], [], "hexpm"},
  "mix_erlang_tasks": {:hex, :mix_erlang_tasks, "0.1.0", "36819fec60b80689eb1380938675af215565a89320a9e29c72c70d97512e4649", [:mix], [], "hexpm"},
  "parse_trans": {:hex, :parse_trans, "3.3.1", "16328ab840cc09919bd10dab29e431da3af9e9e7e7e6f0089dd5a2d2820011d8", [:rebar3], [], "hexpm"},
  "protobuf": {:hex, :protobuf, "0.5.4", "2e1b8eec211aff034ad8a14e3674220b0158bfb9a3c7128ac9d2a1ed1b3724d3", [:mix], [], "hexpm"},
  "ranch": {:hex, :ranch, "1.8.0", "8c7a100a139fd57f17327b6413e4167ac559fbc04ca7448e9be9057311597a1d", [:make, :rebar3], [], "hexpm"},
  "ssl_verify_fun": {:hex, :ssl_verify_fun, "1.1.6", "cf344f5692c82d2cd7554f5ec8fd961548d4fd09e7d22f5b62482e5aeaebd4b0", [:make, :mix, :rebar3], [], "hexpm"},
  "unicode_util_compat": {:hex, :unicode_util_compat, "0.7.0", "bc84380c9ab48177092f43ac89e4dfa2c6d62b40b8bd132b1059ecc7232f9a78", [:rebar3], [], "hexpm"},
}
